
Microsoft Visual Studio Solution File, Format Version 10.00
# Visual Studio 2008
Project("{FAE04EC0-301F-11D3-BF4B-00C04F79EFBC}") = "ServerProgram", "ServerProgram\ServerProgram.csproj", "{14949D4A-7D14-4312-8B97-BB2BB4CA9A70}"
EndProject
Global
	GlobalSection(SolutionConfigurationPlatforms) = preSolution
		Debug|Any CPU = Debug|Any CPU
		Release|Any CPU = Release|Any CPU
	EndGlobalSection
	GlobalSection(ProjectConfigurationPlatforms) = postSolution
		{14949D4A-7D14-4312-8B97-BB2BB4CA9A70}.Debug|Any CPU.ActiveCfg = Debug|Any CPU
		{14949D4A-7D14-4312-8B97-BB2BB4CA9A70}.Debug|Any CPU.Build.0 = Debug|Any CPU
		{14949D4A-7D14-4312-8B97-BB2BB4CA9A70}.Release|Any CPU.ActiveCfg = Release|Any CPU
		{14949D4A-7D14-4312-8B97-BB2BB4CA9A70}.Release|Any CPU.Build.0 = Release|Any CPU
	EndGlobalSection
	GlobalSection(SolutionProperties) = preSolution
		HideSolutionNode = FALSE
	EndGlobalSection
EndGlobal
