
Microsoft Visual Studio Solution File, Format Version 10.00
# Visual Studio 2008
Project("{FAE04EC0-301F-11D3-BF4B-00C04F79EFBC}") = "Constructor", "Constructor\Constructor.csproj", "{E87E2EE9-C38B-435F-BC47-E980FA978351}"
EndProject
Global
	GlobalSection(SolutionConfigurationPlatforms) = preSolution
		Debug|Any CPU = Debug|Any CPU
		Release|Any CPU = Release|Any CPU
	EndGlobalSection
	GlobalSection(ProjectConfigurationPlatforms) = postSolution
		{E87E2EE9-C38B-435F-BC47-E980FA978351}.Debug|Any CPU.ActiveCfg = Debug|Any CPU
		{E87E2EE9-C38B-435F-BC47-E980FA978351}.Debug|Any CPU.Build.0 = Debug|Any CPU
		{E87E2EE9-C38B-435F-BC47-E980FA978351}.Release|Any CPU.ActiveCfg = Release|Any CPU
		{E87E2EE9-C38B-435F-BC47-E980FA978351}.Release|Any CPU.Build.0 = Release|Any CPU
	EndGlobalSection
	GlobalSection(SolutionProperties) = preSolution
		HideSolutionNode = FALSE
	EndGlobalSection
EndGlobal
