
Microsoft Visual Studio Solution File, Format Version 10.00
# Visual C# Express 2008
Project("{FAE04EC0-301F-11D3-BF4B-00C04F79EFBC}") = "countstring", "countstring\countstring.csproj", "{BE0512B4-7634-4031-9B74-E6CB70EA584F}"
EndProject
Global
	GlobalSection(SolutionConfigurationPlatforms) = preSolution
		Debug|Any CPU = Debug|Any CPU
		Release|Any CPU = Release|Any CPU
	EndGlobalSection
	GlobalSection(ProjectConfigurationPlatforms) = postSolution
		{BE0512B4-7634-4031-9B74-E6CB70EA584F}.Debug|Any CPU.ActiveCfg = Debug|Any CPU
		{BE0512B4-7634-4031-9B74-E6CB70EA584F}.Debug|Any CPU.Build.0 = Debug|Any CPU
		{BE0512B4-7634-4031-9B74-E6CB70EA584F}.Release|Any CPU.ActiveCfg = Release|Any CPU
		{BE0512B4-7634-4031-9B74-E6CB70EA584F}.Release|Any CPU.Build.0 = Release|Any CPU
	EndGlobalSection
	GlobalSection(SolutionProperties) = preSolution
		HideSolutionNode = FALSE
	EndGlobalSection
EndGlobal
