
Microsoft Visual Studio Solution File, Format Version 10.00
# Visual Studio 2008
Project("{FAE04EC0-301F-11D3-BF4B-00C04F79EFBC}") = "TreeViewControl", "TreeViewControl\TreeViewControl.csproj", "{A85F43D2-56CD-4554-B60C-CC9A1E3C876C}"
EndProject
Global
	GlobalSection(SolutionConfigurationPlatforms) = preSolution
		Debug|Any CPU = Debug|Any CPU
		Release|Any CPU = Release|Any CPU
	EndGlobalSection
	GlobalSection(ProjectConfigurationPlatforms) = postSolution
		{A85F43D2-56CD-4554-B60C-CC9A1E3C876C}.Debug|Any CPU.ActiveCfg = Debug|Any CPU
		{A85F43D2-56CD-4554-B60C-CC9A1E3C876C}.Debug|Any CPU.Build.0 = Debug|Any CPU
		{A85F43D2-56CD-4554-B60C-CC9A1E3C876C}.Release|Any CPU.ActiveCfg = Release|Any CPU
		{A85F43D2-56CD-4554-B60C-CC9A1E3C876C}.Release|Any CPU.Build.0 = Release|Any CPU
	EndGlobalSection
	GlobalSection(SolutionProperties) = preSolution
		HideSolutionNode = FALSE
	EndGlobalSection
EndGlobal
