
Microsoft Visual Studio Solution File, Format Version 10.00
# Visual Studio 2008
Project("{FAE04EC0-301F-11D3-BF4B-00C04F79EFBC}") = "Game_of_chance", "Game_of_chance\Game_of_chance.csproj", "{250F8104-90F5-4CF7-B073-80B57ED80411}"
EndProject
Global
	GlobalSection(SolutionConfigurationPlatforms) = preSolution
		Debug|Any CPU = Debug|Any CPU
		Release|Any CPU = Release|Any CPU
	EndGlobalSection
	GlobalSection(ProjectConfigurationPlatforms) = postSolution
		{250F8104-90F5-4CF7-B073-80B57ED80411}.Debug|Any CPU.ActiveCfg = Debug|Any CPU
		{250F8104-90F5-4CF7-B073-80B57ED80411}.Debug|Any CPU.Build.0 = Debug|Any CPU
		{250F8104-90F5-4CF7-B073-80B57ED80411}.Release|Any CPU.ActiveCfg = Release|Any CPU
		{250F8104-90F5-4CF7-B073-80B57ED80411}.Release|Any CPU.Build.0 = Release|Any CPU
	EndGlobalSection
	GlobalSection(SolutionProperties) = preSolution
		HideSolutionNode = FALSE
	EndGlobalSection
EndGlobal
