
Microsoft Visual Studio Solution File, Format Version 10.00
# Visual Studio 2008
Project("{FAE04EC0-301F-11D3-BF4B-00C04F79EFBC}") = "Collision1", "Collision1\Collision1.csproj", "{D21ADE9A-F3CE-45C4-A45B-1E3252D1C49A}"
EndProject
Global
	GlobalSection(SolutionConfigurationPlatforms) = preSolution
		Debug|Any CPU = Debug|Any CPU
		Release|Any CPU = Release|Any CPU
	EndGlobalSection
	GlobalSection(ProjectConfigurationPlatforms) = postSolution
		{D21ADE9A-F3CE-45C4-A45B-1E3252D1C49A}.Debug|Any CPU.ActiveCfg = Debug|Any CPU
		{D21ADE9A-F3CE-45C4-A45B-1E3252D1C49A}.Debug|Any CPU.Build.0 = Debug|Any CPU
		{D21ADE9A-F3CE-45C4-A45B-1E3252D1C49A}.Release|Any CPU.ActiveCfg = Release|Any CPU
		{D21ADE9A-F3CE-45C4-A45B-1E3252D1C49A}.Release|Any CPU.Build.0 = Release|Any CPU
	EndGlobalSection
	GlobalSection(SolutionProperties) = preSolution
		HideSolutionNode = FALSE
	EndGlobalSection
EndGlobal
