
Microsoft Visual Studio Solution File, Format Version 10.00
# Visual C# Express 2008
Project("{FAE04EC0-301F-11D3-BF4B-00C04F79EFBC}") = "parmutation and combination", "parmutation and combination\parmutation and combination.csproj", "{AD2713EF-5AFC-449F-A11E-D59EC752F314}"
EndProject
Global
	GlobalSection(SolutionConfigurationPlatforms) = preSolution
		Debug|Any CPU = Debug|Any CPU
		Release|Any CPU = Release|Any CPU
	EndGlobalSection
	GlobalSection(ProjectConfigurationPlatforms) = postSolution
		{AD2713EF-5AFC-449F-A11E-D59EC752F314}.Debug|Any CPU.ActiveCfg = Debug|Any CPU
		{AD2713EF-5AFC-449F-A11E-D59EC752F314}.Debug|Any CPU.Build.0 = Debug|Any CPU
		{AD2713EF-5AFC-449F-A11E-D59EC752F314}.Release|Any CPU.ActiveCfg = Release|Any CPU
		{AD2713EF-5AFC-449F-A11E-D59EC752F314}.Release|Any CPU.Build.0 = Release|Any CPU
	EndGlobalSection
	GlobalSection(SolutionProperties) = preSolution
		HideSolutionNode = FALSE
	EndGlobalSection
EndGlobal
